
Microsoft Visual Studio Solution File, Format Version 12.00
# Visual Studio Version 16
VisualStudioVersion = 16.0.31729.503
MinimumVisualStudioVersion = 10.0.40219.1
Project("{FAE04EC0-301F-11D3-BF4B-00C04F79EFBC}") = "MvcViewComponets", "MvcViewComponets\MvcViewComponets.csproj", "{9063AF6B-1470-4A12-857A-C88DA6C1E8B1}"
EndProject
Global
	GlobalSection(SolutionConfigurationPlatforms) = preSolution
		Debug|Any CPU = Debug|Any CPU
		Release|Any CPU = Release|Any CPU
	EndGlobalSection
	GlobalSection(ProjectConfigurationPlatforms) = postSolution
		{9063AF6B-1470-4A12-857A-C88DA6C1E8B1}.Debug|Any CPU.ActiveCfg = Debug|Any CPU
		{9063AF6B-1470-4A12-857A-C88DA6C1E8B1}.Debug|Any CPU.Build.0 = Debug|Any CPU
		{9063AF6B-1470-4A12-857A-C88DA6C1E8B1}.Release|Any CPU.ActiveCfg = Release|Any CPU
		{9063AF6B-1470-4A12-857A-C88DA6C1E8B1}.Release|Any CPU.Build.0 = Release|Any CPU
	EndGlobalSection
	GlobalSection(SolutionProperties) = preSolution
		HideSolutionNode = FALSE
	EndGlobalSection
	GlobalSection(ExtensibilityGlobals) = postSolution
		SolutionGuid = {54D1B4EC-D79A-4CAA-9B7D-7DB66B8B1E4B}
	EndGlobalSection
EndGlobal
